// !$*UTF8*$!
{
	archiveVersion = 1;
	classes = {
	};
	objectVersion = 56;
	objects = {

/* Begin PBXBuildFile section */
		583D924A2DA610CD006C2F2C /* AppVersionMonitorSwiftUI in Frameworks */ = {isa = PBXBuildFile; productRef = 583D92492DA610CD006C2F2C /* AppVersionMonitorSwiftUI */; };
		585469EA2D05A52E007152A5 /* CalendarTestView.swift in Sources */ = {isa = PBXBuildFile; fileRef = 585469E92D05A52E007152A5 /* CalendarTestView.swift */; };
		587D9C8D2D054A71006A64E0 /* cpracticeApp.swift in Sources */ = {isa = PBXBuildFile; fileRef = 587D9C8C2D054A71006A64E0 /* cpracticeApp.swift */; };
		587D9C8F2D054A71006A64E0 /* ContentView.swift in Sources */ = {isa = PBXBuildFile; fileRef = 587D9C8E2D054A71006A64E0 /* ContentView.swift */; };
		587D9C912D054A72006A64E0 /* Assets.xcassets in Resources */ = {isa = PBXBuildFile; fileRef = 587D9C902D054A72006A64E0 /* Assets.xcassets */; };
		587D9C942D054A72006A64E0 /* Preview Assets.xcassets in Resources */ = {isa = PBXBuildFile; fileRef = 587D9C932D054A72006A64E0 /* Preview Assets.xcassets */; };
		9CCE00871086877EB0853482 /* Pods_cpractice.framework in Frameworks */ = {isa = PBXBuildFile; fileRef = 3E257A5E1D428D52646C2E87 /* Pods_cpractice.framework */; };
/* End PBXBuildFile section */

/* Begin PBXFileReference section */
		3E257A5E1D428D52646C2E87 /* Pods_cpractice.framework */ = {isa = PBXFileReference; explicitFileType = wrapper.framework; includeInIndex = 0; path = Pods_cpractice.framework; sourceTree = BUILT_PRODUCTS_DIR; };
		41BE2AFD0810E2E729D3A815 /* Pods-cpractice.debug.xcconfig */ = {isa = PBXFileReference; includeInIndex = 1; lastKnownFileType = text.xcconfig; name = "Pods-cpractice.debug.xcconfig"; path = "Target Support Files/Pods-cpractice/Pods-cpractice.debug.xcconfig"; sourceTree = "<group>"; };
		49187FC200A69C30E26CA698 /* Pods-cpractice.release.xcconfig */ = {isa = PBXFileReference; includeInIndex = 1; lastKnownFileType = text.xcconfig; name = "Pods-cpractice.release.xcconfig"; path = "Target Support Files/Pods-cpractice/Pods-cpractice.release.xcconfig"; sourceTree = "<group>"; };
		585469E92D05A52E007152A5 /* CalendarTestView.swift */ = {isa = PBXFileReference; lastKnownFileType = sourcecode.swift; path = CalendarTestView.swift; sourceTree = "<group>"; };
		587D9C892D054A71006A64E0 /* cpractice.app */ = {isa = PBXFileReference; explicitFileType = wrapper.application; includeInIndex = 0; path = cpractice.app; sourceTree = BUILT_PRODUCTS_DIR; };
		587D9C8C2D054A71006A64E0 /* cpracticeApp.swift */ = {isa = PBXFileReference; lastKnownFileType = sourcecode.swift; path = cpracticeApp.swift; sourceTree = "<group>"; };
		587D9C8E2D054A71006A64E0 /* ContentView.swift */ = {isa = PBXFileReference; lastKnownFileType = sourcecode.swift; path = ContentView.swift; sourceTree = "<group>"; };
		587D9C902D054A72006A64E0 /* Assets.xcassets */ = {isa = PBXFileReference; lastKnownFileType = folder.assetcatalog; path = Assets.xcassets; sourceTree = "<group>"; };
		587D9C932D054A72006A64E0 /* Preview Assets.xcassets */ = {isa = PBXFileReference; lastKnownFileType = folder.assetcatalog; path = "Preview Assets.xcassets"; sourceTree = "<group>"; };
		58928FA82D94FBFD00909245 /* Info.plist */ = {isa = PBXFileReference; lastKnownFileType = text.plist; path = Info.plist; sourceTree = "<group>"; };
/* End PBXFileReference section */

/* Begin PBXFrameworksBuildPhase section */
		587D9C862D054A71006A64E0 /* Frameworks */ = {
			isa = PBXFrameworksBuildPhase;
			buildActionMask = 2147483647;
			files = (
				583D924A2DA610CD006C2F2C /* AppVersionMonitorSwiftUI in Frameworks */,
				9CCE00871086877EB0853482 /* Pods_cpractice.framework in Frameworks */,
			);
			runOnlyForDeploymentPostprocessing = 0;
		};
/* End PBXFrameworksBuildPhase section */

/* Begin PBXGroup section */
		4473261D94F5B7F8DF782829 /* Pods */ = {
			isa = PBXGroup;
			children = (
				41BE2AFD0810E2E729D3A815 /* Pods-cpractice.debug.xcconfig */,
				49187FC200A69C30E26CA698 /* Pods-cpractice.release.xcconfig */,
			);
			path = Pods;
			sourceTree = "<group>";
		};
		587D9C802D054A71006A64E0 = {
			isa = PBXGroup;
			children = (
				587D9C8B2D054A71006A64E0 /* cpractice */,
				587D9C8A2D054A71006A64E0 /* Products */,
				4473261D94F5B7F8DF782829 /* Pods */,
				6BEBC7E437FCA63CE201880E /* Frameworks */,
			);
			sourceTree = "<group>";
		};
		587D9C8A2D054A71006A64E0 /* Products */ = {
			isa = PBXGroup;
			children = (
				587D9C892D054A71006A64E0 /* cpractice.app */,
			);
			name = Products;
			sourceTree = "<group>";
		};
		587D9C8B2D054A71006A64E0 /* cpractice */ = {
			isa = PBXGroup;
			children = (
				58928FA82D94FBFD00909245 /* Info.plist */,
				587D9C8C2D054A71006A64E0 /* cpracticeApp.swift */,
				587D9C8E2D054A71006A64E0 /* ContentView.swift */,
				585469E92D05A52E007152A5 /* CalendarTestView.swift */,
				587D9C902D054A72006A64E0 /* Assets.xcassets */,
				587D9C922D054A72006A64E0 /* Preview Content */,
			);
			path = cpractice;
			sourceTree = "<group>";
		};
		587D9C922D054A72006A64E0 /* Preview Content */ = {
			isa = PBXGroup;
			children = (
				587D9C932D054A72006A64E0 /* Preview Assets.xcassets */,
			);
			path = "Preview Content";
			sourceTree = "<group>";
		};
		6BEBC7E437FCA63CE201880E /* Frameworks */ = {
			isa = PBXGroup;
			children = (
				3E257A5E1D428D52646C2E87 /* Pods_cpractice.framework */,
			);
			name = Frameworks;
			sourceTree = "<group>";
		};
/* End PBXGroup section */

/* Begin PBXNativeTarget section */
		587D9C882D054A71006A64E0 /* cpractice */ = {
			isa = PBXNativeTarget;
			buildConfigurationList = 587D9C972D054A72006A64E0 /* Build configuration list for PBXNativeTarget "cpractice" */;
			buildPhases = (
				D612DA49FD3AC4B8581BD62B /* [CP] Check Pods Manifest.lock */,
				587D9C852D054A71006A64E0 /* Sources */,
				587D9C862D054A71006A64E0 /* Frameworks */,
				587D9C872D054A71006A64E0 /* Resources */,
				EB8066EE2CF1377E126FB16D /* [CP] Embed Pods Frameworks */,
			);
			buildRules = (
			);
			dependencies = (
			);
			name = cpractice;
			productName = cpractice;
			productReference = 587D9C892D054A71006A64E0 /* cpractice.app */;
			productType = "com.apple.product-type.application";
		};
/* End PBXNativeTarget section */

/* Begin PBXProject section */
		587D9C812D054A71006A64E0 /* Project object */ = {
			isa = PBXProject;
			attributes = {
				BuildIndependentTargetsInParallel = 1;
				LastSwiftUpdateCheck = 1510;
				LastUpgradeCheck = 1510;
				TargetAttributes = {
					587D9C882D054A71006A64E0 = {
						CreatedOnToolsVersion = 15.1;
					};
				};
			};
			buildConfigurationList = 587D9C842D054A71006A64E0 /* Build configuration list for PBXProject "cpractice" */;
			compatibilityVersion = "Xcode 14.0";
			developmentRegion = en;
			hasScannedForEncodings = 0;
			knownRegions = (
				en,
				Base,
			);
			mainGroup = 587D9C802D054A71006A64E0;
			packageReferences = (
				583D92482DA610CD006C2F2C /* XCRemoteSwiftPackageReference "AppVersionMonitorSwiftUI" */,
			);
			productRefGroup = 587D9C8A2D054A71006A64E0 /* Products */;
			projectDirPath = "";
			projectRoot = "";
			targets = (
				587D9C882D054A71006A64E0 /* cpractice */,
			);
		};
/* End PBXProject section */

/* Begin PBXResourcesBuildPhase section */
		587D9C872D054A71006A64E0 /* Resources */ = {
			isa = PBXResourcesBuildPhase;
			buildActionMask = 2147483647;
			files = (
				587D9C942D054A72006A64E0 /* Preview Assets.xcassets in Resources */,
				587D9C912D054A72006A64E0 /* Assets.xcassets in Resources */,
			);
			runOnlyForDeploymentPostprocessing = 0;
		};
/* End PBXResourcesBuildPhase section */

/* Begin PBXShellScriptBuildPhase section */
		D612DA49FD3AC4B8581BD62B /* [CP] Check Pods Manifest.lock */ = {
			isa = PBXShellScriptBuildPhase;
			buildActionMask = 2147483647;
			files = (
			);
			inputFileListPaths = (
			);
			inputPaths = (
				"${PODS_PODFILE_DIR_PATH}/Podfile.lock",
				"${PODS_ROOT}/Manifest.lock",
			);
			name = "[CP] Check Pods Manifest.lock";
			outputFileListPaths = (
			);
			outputPaths = (
				"$(DERIVED_FILE_DIR)/Pods-cpractice-checkManifestLockResult.txt",
			);
			runOnlyForDeploymentPostprocessing = 0;
			shellPath = /bin/sh;
			shellScript = "diff \"${PODS_PODFILE_DIR_PATH}/Podfile.lock\" \"${PODS_ROOT}/Manifest.lock\" > /dev/null\nif [ $? != 0 ] ; then\n    # print error to STDERR\n    echo \"error: The sandbox is not in sync with the Podfile.lock. Run 'pod install' or update your CocoaPods installation.\" >&2\n    exit 1\nfi\n# This output is used by Xcode 'outputs' to avoid re-running this script phase.\necho \"SUCCESS\" > \"${SCRIPT_OUTPUT_FILE_0}\"\n";
			showEnvVarsInLog = 0;
		};
		EB8066EE2CF1377E126FB16D /* [CP] Embed Pods Frameworks */ = {
			isa = PBXShellScriptBuildPhase;
			buildActionMask = 2147483647;
			files = (
			);
			inputFileListPaths = (
				"${PODS_ROOT}/Target Support Files/Pods-cpractice/Pods-cpractice-frameworks-${CONFIGURATION}-input-files.xcfilelist",
			);
			name = "[CP] Embed Pods Frameworks";
			outputFileListPaths = (
				"${PODS_ROOT}/Target Support Files/Pods-cpractice/Pods-cpractice-frameworks-${CONFIGURATION}-output-files.xcfilelist",
			);
			runOnlyForDeploymentPostprocessing = 0;
			shellPath = /bin/sh;
			shellScript = "\"${PODS_ROOT}/Target Support Files/Pods-cpractice/Pods-cpractice-frameworks.sh\"\n";
			showEnvVarsInLog = 0;
		};
/* End PBXShellScriptBuildPhase section */

/* Begin PBXSourcesBuildPhase section */
		587D9C852D054A71006A64E0 /* Sources */ = {
			isa = PBXSourcesBuildPhase;
			buildActionMask = 2147483647;
			files = (
				587D9C8F2D054A71006A64E0 /* ContentView.swift in Sources */,
				587D9C8D2D054A71006A64E0 /* cpracticeApp.swift in Sources */,
				585469EA2D05A52E007152A5 /* CalendarTestView.swift in Sources */,
			);
			runOnlyForDeploymentPostprocessing = 0;
		};
/* End PBXSourcesBuildPhase section */

/* Begin XCBuildConfiguration section */
		587D9C952D054A72006A64E0 /* Debug */ = {
			isa = XCBuildConfiguration;
			buildSettings = {
				ALWAYS_SEARCH_USER_PATHS = NO;
				ASSETCATALOG_COMPILER_GENERATE_SWIFT_ASSET_SYMBOL_EXTENSIONS = YES;
				CLANG_ANALYZER_NONNULL = YES;
				CLANG_ANALYZER_NUMBER_OBJECT_CONVERSION = YES_AGGRESSIVE;
				CLANG_CXX_LANGUAGE_STANDARD = "gnu++20";
				CLANG_ENABLE_MODULES = YES;
				CLANG_ENABLE_OBJC_ARC = YES;
				CLANG_ENABLE_OBJC_WEAK = YES;
				CLANG_WARN_BLOCK_CAPTURE_AUTORELEASING = YES;
				CLANG_WARN_BOOL_CONVERSION = YES;
				CLANG_WARN_COMMA = YES;
				CLANG_WARN_CONSTANT_CONVERSION = YES;
				CLANG_WARN_DEPRECATED_OBJC_IMPLEMENTATIONS = YES;
				CLANG_WARN_DIRECT_OBJC_ISA_USAGE = YES_ERROR;
				CLANG_WARN_DOCUMENTATION_COMMENTS = YES;
				CLANG_WARN_EMPTY_BODY = YES;
				CLANG_WARN_ENUM_CONVERSION = YES;
				CLANG_WARN_INFINITE_RECURSION = YES;
				CLANG_WARN_INT_CONVERSION = YES;
				CLANG_WARN_NON_LITERAL_NULL_CONVERSION = YES;
				CLANG_WARN_OBJC_IMPLICIT_RETAIN_SELF = YES;
				CLANG_WARN_OBJC_LITERAL_CONVERSION = YES;
				CLANG_WARN_OBJC_ROOT_CLASS = YES_ERROR;
				CLANG_WARN_QUOTED_INCLUDE_IN_FRAMEWORK_HEADER = YES;
				CLANG_WARN_RANGE_LOOP_ANALYSIS = YES;
				CLANG_WARN_STRICT_PROTOTYPES = YES;
				CLANG_WARN_SUSPICIOUS_MOVE = YES;
				CLANG_WARN_UNGUARDED_AVAILABILITY = YES_AGGRESSIVE;
				CLANG_WARN_UNREACHABLE_CODE = YES;
				CLANG_WARN__DUPLICATE_METHOD_MATCH = YES;
				COPY_PHASE_STRIP = NO;
				DEBUG_INFORMATION_FORMAT = dwarf;
				ENABLE_STRICT_OBJC_MSGSEND = YES;
				ENABLE_TESTABILITY = YES;
				ENABLE_USER_SCRIPT_SANDBOXING = YES;
				GCC_C_LANGUAGE_STANDARD = gnu17;
				GCC_DYNAMIC_NO_PIC = NO;
				GCC_NO_COMMON_BLOCKS = YES;
				GCC_OPTIMIZATION_LEVEL = 0;
				GCC_PREPROCESSOR_DEFINITIONS = (
					"DEBUG=1",
					"$(inherited)",
				);
				GCC_WARN_64_TO_32_BIT_CONVERSION = YES;
				GCC_WARN_ABOUT_RETURN_TYPE = YES_ERROR;
				GCC_WARN_UNDECLARED_SELECTOR = YES;
				GCC_WARN_UNINITIALIZED_AUTOS = YES_AGGRESSIVE;
				GCC_WARN_UNUSED_FUNCTION = YES;
				GCC_WARN_UNUSED_VARIABLE = YES;
				IPHONEOS_DEPLOYMENT_TARGET = 17.2;
				LOCALIZATION_PREFERS_STRING_CATALOGS = YES;
				MTL_ENABLE_DEBUG_INFO = INCLUDE_SOURCE;
				MTL_FAST_MATH = YES;
				ONLY_ACTIVE_ARCH = YES;
				SDKROOT = iphoneos;
				SWIFT_ACTIVE_COMPILATION_CONDITIONS = "DEBUG $(inherited)";
				SWIFT_OPTIMIZATION_LEVEL = "-Onone";
			};
			name = Debug;
		};
		587D9C962D054A72006A64E0 /* Release */ = {
			isa = XCBuildConfiguration;
			buildSettings = {
				ALWAYS_SEARCH_USER_PATHS = NO;
				ASSETCATALOG_COMPILER_GENERATE_SWIFT_ASSET_SYMBOL_EXTENSIONS = YES;
				CLANG_ANALYZER_NONNULL = YES;
				CLANG_ANALYZER_NUMBER_OBJECT_CONVERSION = YES_AGGRESSIVE;
				CLANG_CXX_LANGUAGE_STANDARD = "gnu++20";
				CLANG_ENABLE_MODULES = YES;
				CLANG_ENABLE_OBJC_ARC = YES;
				CLANG_ENABLE_OBJC_WEAK = YES;
				CLANG_WARN_BLOCK_CAPTURE_AUTORELEASING = YES;
				CLANG_WARN_BOOL_CONVERSION = YES;
				CLANG_WARN_COMMA = YES;
				CLANG_WARN_CONSTANT_CONVERSION = YES;
				CLANG_WARN_DEPRECATED_OBJC_IMPLEMENTATIONS = YES;
				CLANG_WARN_DIRECT_OBJC_ISA_USAGE = YES_ERROR;
				CLANG_WARN_DOCUMENTATION_COMMENTS = YES;
				CLANG_WARN_EMPTY_BODY = YES;
				CLANG_WARN_ENUM_CONVERSION = YES;
				CLANG_WARN_INFINITE_RECURSION = YES;
				CLANG_WARN_INT_CONVERSION = YES;
				CLANG_WARN_NON_LITERAL_NULL_CONVERSION = YES;
				CLANG_WARN_OBJC_IMPLICIT_RETAIN_SELF = YES;
				CLANG_WARN_OBJC_LITERAL_CONVERSION = YES;
				CLANG_WARN_OBJC_ROOT_CLASS = YES_ERROR;
				CLANG_WARN_QUOTED_INCLUDE_IN_FRAMEWORK_HEADER = YES;
				CLANG_WARN_RANGE_LOOP_ANALYSIS = YES;
				CLANG_WARN_STRICT_PROTOTYPES = YES;
				CLANG_WARN_SUSPICIOUS_MOVE = YES;
				CLANG_WARN_UNGUARDED_AVAILABILITY = YES_AGGRESSIVE;
				CLANG_WARN_UNREACHABLE_CODE = YES;
				CLANG_WARN__DUPLICATE_METHOD_MATCH = YES;
				COPY_PHASE_STRIP = NO;
				DEBUG_INFORMATION_FORMAT = "dwarf-with-dsym";
				ENABLE_NS_ASSERTIONS = NO;
				ENABLE_STRICT_OBJC_MSGSEND = YES;
				ENABLE_USER_SCRIPT_SANDBOXING = YES;
				GCC_C_LANGUAGE_STANDARD = gnu17;
				GCC_NO_COMMON_BLOCKS = YES;
				GCC_WARN_64_TO_32_BIT_CONVERSION = YES;
				GCC_WARN_ABOUT_RETURN_TYPE = YES_ERROR;
				GCC_WARN_UNDECLARED_SELECTOR = YES;
				GCC_WARN_UNINITIALIZED_AUTOS = YES_AGGRESSIVE;
				GCC_WARN_UNUSED_FUNCTION = YES;
				GCC_WARN_UNUSED_VARIABLE = YES;
				IPHONEOS_DEPLOYMENT_TARGET = 17.2;
				LOCALIZATION_PREFERS_STRING_CATALOGS = YES;
				MTL_ENABLE_DEBUG_INFO = NO;
				MTL_FAST_MATH = YES;
				SDKROOT = iphoneos;
				SWIFT_COMPILATION_MODE = wholemodule;
				VALIDATE_PRODUCT = YES;
			};
			name = Release;
		};
		587D9C982D054A72006A64E0 /* Debug */ = {
			isa = XCBuildConfiguration;
			baseConfigurationReference = 41BE2AFD0810E2E729D3A815 /* Pods-cpractice.debug.xcconfig */;
			buildSettings = {
				ASSETCATALOG_COMPILER_APPICON_NAME = AppIcon;
				ASSETCATALOG_COMPILER_GLOBAL_ACCENT_COLOR_NAME = AccentColor;
				CODE_SIGN_IDENTITY = "Apple Development";
				CODE_SIGN_STYLE = Automatic;
				CURRENT_PROJECT_VERSION = 4;
				DEVELOPMENT_ASSET_PATHS = "\"cpractice/Preview Content\"";
				DEVELOPMENT_TEAM = LMUVG7YFCW;
				ENABLE_PREVIEWS = YES;
				ENABLE_USER_SCRIPT_SANDBOXING = NO;
				GENERATE_INFOPLIST_FILE = YES;
				INFOPLIST_FILE = cpractice/Info.plist;
				INFOPLIST_KEY_CFBundleDisplayName = Coilin;
				INFOPLIST_KEY_LSApplicationCategoryType = "public.app-category.finance";
				INFOPLIST_KEY_UIApplicationSceneManifest_Generation = YES;
				INFOPLIST_KEY_UIApplicationSupportsIndirectInputEvents = YES;
				INFOPLIST_KEY_UILaunchScreen_Generation = YES;
				INFOPLIST_KEY_UISupportedInterfaceOrientations = UIInterfaceOrientationPortrait;
				INFOPLIST_KEY_UIUserInterfaceStyle = Light;
				IPHONEOS_DEPLOYMENT_TARGET = 17.2;
				LD_RUNPATH_SEARCH_PATHS = (
					"$(inherited)",
					"@executable_path/Frameworks",
				);
				MARKETING_VERSION = 1.0.5;
				PRODUCT_BUNDLE_IDENTIFIER = com.keeki.cpractice;
				PRODUCT_NAME = "$(TARGET_NAME)";
				PROVISIONING_PROFILE_SPECIFIER = "";
				SUPPORTED_PLATFORMS = "iphoneos iphonesimulator";
				SUPPORTS_MACCATALYST = NO;
				SUPPORTS_MAC_DESIGNED_FOR_IPHONE_IPAD = NO;
				SUPPORTS_XR_DESIGNED_FOR_IPHONE_IPAD = NO;
				SWIFT_EMIT_LOC_STRINGS = YES;
				SWIFT_VERSION = 5.0;
				TARGETED_DEVICE_FAMILY = 1;
			};
			name = Debug;
		};
		587D9C992D054A72006A64E0 /* Release */ = {
			isa = XCBuildConfiguration;
			baseConfigurationReference = 49187FC200A69C30E26CA698 /* Pods-cpractice.release.xcconfig */;
			buildSettings = {
				ASSETCATALOG_COMPILER_APPICON_NAME = AppIcon;
				ASSETCATALOG_COMPILER_GLOBAL_ACCENT_COLOR_NAME = AccentColor;
				CODE_SIGN_IDENTITY = "Apple Development";
				CODE_SIGN_STYLE = Automatic;
				CURRENT_PROJECT_VERSION = 4;
				DEVELOPMENT_ASSET_PATHS = "\"cpractice/Preview Content\"";
				DEVELOPMENT_TEAM = LMUVG7YFCW;
				ENABLE_PREVIEWS = YES;
				ENABLE_USER_SCRIPT_SANDBOXING = NO;
				GENERATE_INFOPLIST_FILE = YES;
				INFOPLIST_FILE = cpractice/Info.plist;
				INFOPLIST_KEY_CFBundleDisplayName = Coilin;
				INFOPLIST_KEY_LSApplicationCategoryType = "public.app-category.finance";
				INFOPLIST_KEY_UIApplicationSceneManifest_Generation = YES;
				INFOPLIST_KEY_UIApplicationSupportsIndirectInputEvents = YES;
				INFOPLIST_KEY_UILaunchScreen_Generation = YES;
				INFOPLIST_KEY_UISupportedInterfaceOrientations = UIInterfaceOrientationPortrait;
				INFOPLIST_KEY_UIUserInterfaceStyle = Light;
				IPHONEOS_DEPLOYMENT_TARGET = 17.2;
				LD_RUNPATH_SEARCH_PATHS = (
					"$(inherited)",
					"@executable_path/Frameworks",
				);
				MARKETING_VERSION = 1.0.5;
				PRODUCT_BUNDLE_IDENTIFIER = com.keeki.cpractice;
				PRODUCT_NAME = "$(TARGET_NAME)";
				PROVISIONING_PROFILE_SPECIFIER = "";
				SUPPORTED_PLATFORMS = "iphoneos iphonesimulator";
				SUPPORTS_MACCATALYST = NO;
				SUPPORTS_MAC_DESIGNED_FOR_IPHONE_IPAD = NO;
				SUPPORTS_XR_DESIGNED_FOR_IPHONE_IPAD = NO;
				SWIFT_EMIT_LOC_STRINGS = YES;
				SWIFT_VERSION = 5.0;
				TARGETED_DEVICE_FAMILY = 1;
			};
			name = Release;
		};
/* End XCBuildConfiguration section */

/* Begin XCConfigurationList section */
		587D9C842D054A71006A64E0 /* Build configuration list for PBXProject "cpractice" */ = {
			isa = XCConfigurationList;
			buildConfigurations = (
				587D9C952D054A72006A64E0 /* Debug */,
				587D9C962D054A72006A64E0 /* Release */,
			);
			defaultConfigurationIsVisible = 0;
			defaultConfigurationName = Release;
		};
		587D9C972D054A72006A64E0 /* Build configuration list for PBXNativeTarget "cpractice" */ = {
			isa = XCConfigurationList;
			buildConfigurations = (
				587D9C982D054A72006A64E0 /* Debug */,
				587D9C992D054A72006A64E0 /* Release */,
			);
			defaultConfigurationIsVisible = 0;
			defaultConfigurationName = Release;
		};
/* End XCConfigurationList section */

/* Begin XCRemoteSwiftPackageReference section */
		583D92482DA610CD006C2F2C /* XCRemoteSwiftPackageReference "AppVersionMonitorSwiftUI" */ = {
			isa = XCRemoteSwiftPackageReference;
			repositoryURL = "https://github.com/SNQ-2001/AppVersionMonitorSwiftUI";
			requirement = {
				kind = upToNextMajorVersion;
				minimumVersion = 0.1.1;
			};
		};
/* End XCRemoteSwiftPackageReference section */

/* Begin XCSwiftPackageProductDependency section */
		583D92492DA610CD006C2F2C /* AppVersionMonitorSwiftUI */ = {
			isa = XCSwiftPackageProductDependency;
			package = 583D92482DA610CD006C2F2C /* XCRemoteSwiftPackageReference "AppVersionMonitorSwiftUI" */;
			productName = AppVersionMonitorSwiftUI;
		};
/* End XCSwiftPackageProductDependency section */
	};
	rootObject = 587D9C812D054A71006A64E0 /* Project object */;
}
